
Microsoft Visual Studio Solution File, Format Version 12.00
# Visual Studio Version 16
VisualStudioVersion = 16.0.31025.194
MinimumVisualStudioVersion = 10.0.40219.1
Project("{FAE04EC0-301F-11D3-BF4B-00C04F79EFBC}") = "RPO_college", "RPO_college.csproj", "{602AF23C-D702-4EBE-9495-74DAE8601F05}"
EndProject
Global
	GlobalSection(SolutionConfigurationPlatforms) = preSolution
		Debug|Any CPU = Debug|Any CPU
		Release|Any CPU = Release|Any CPU
	EndGlobalSection
	GlobalSection(ProjectConfigurationPlatforms) = postSolution
		{602AF23C-D702-4EBE-9495-74DAE8601F05}.Debug|Any CPU.ActiveCfg = Debug|Any CPU
		{602AF23C-D702-4EBE-9495-74DAE8601F05}.Debug|Any CPU.Build.0 = Debug|Any CPU
		{602AF23C-D702-4EBE-9495-74DAE8601F05}.Release|Any CPU.ActiveCfg = Release|Any CPU
		{602AF23C-D702-4EBE-9495-74DAE8601F05}.Release|Any CPU.Build.0 = Release|Any CPU
	EndGlobalSection
	GlobalSection(SolutionProperties) = preSolution
		HideSolutionNode = FALSE
	EndGlobalSection
	GlobalSection(ExtensibilityGlobals) = postSolution
		SolutionGuid = {431622F0-F140-4003-BD6D-EA7BD3384F73}
	EndGlobalSection
EndGlobal
